
Microsoft Visual Studio Solution File, Format Version 12.00
# Visual Studio Version 17
VisualStudioVersion = 17.6.33927.249
MinimumVisualStudioVersion = 10.0.40219.1
Project("{FAE04EC0-301F-11D3-BF4B-00C04F79EFBC}") = "WrongCharacter", "Src\WrongCharacter\WrongCharacter.csproj", "{4BC64FBC-3B5D-47B7-8C7C-E76CC145126E}"
EndProject
Project("{FAE04EC0-301F-11D3-BF4B-00C04F79EFBC}") = "WrongCharacter.CodeFixes", "Src\WrongCharacter.CodeFixes\WrongCharacter.CodeFixes.csproj", "{78C2AE48-2513-42CF-A4E2-12ADDEED009E}"
EndProject
Project("{FAE04EC0-301F-11D3-BF4B-00C04F79EFBC}") = "WrongCharacter.Package", "Src\WrongCharacter.Package\WrongCharacter.Package.csproj", "{B6E56F78-B860-43BC-9C92-7BE6F3FCC3B3}"
EndProject
Project("{FAE04EC0-301F-11D3-BF4B-00C04F79EFBC}") = "WrongCharacter.Test", "Src\WrongCharacter.Test\WrongCharacter.Test.csproj", "{BF390F59-3649-410A-803C-553EEEA8B54C}"
EndProject
Project("{FAE04EC0-301F-11D3-BF4B-00C04F79EFBC}") = "WrongCharacter.Vsix", "Src\WrongCharacter.Vsix\WrongCharacter.Vsix.csproj", "{F6C61154-3089-459B-996C-60FA7A312547}"
EndProject
Global
	GlobalSection(SolutionConfigurationPlatforms) = preSolution
		Debug|Any CPU = Debug|Any CPU
		Release|Any CPU = Release|Any CPU
	EndGlobalSection
	GlobalSection(ProjectConfigurationPlatforms) = postSolution
		{4BC64FBC-3B5D-47B7-8C7C-E76CC145126E}.Debug|Any CPU.ActiveCfg = Debug|Any CPU
		{4BC64FBC-3B5D-47B7-8C7C-E76CC145126E}.Debug|Any CPU.Build.0 = Debug|Any CPU
		{4BC64FBC-3B5D-47B7-8C7C-E76CC145126E}.Release|Any CPU.ActiveCfg = Release|Any CPU
		{4BC64FBC-3B5D-47B7-8C7C-E76CC145126E}.Release|Any CPU.Build.0 = Release|Any CPU
		{78C2AE48-2513-42CF-A4E2-12ADDEED009E}.Debug|Any CPU.ActiveCfg = Debug|Any CPU
		{78C2AE48-2513-42CF-A4E2-12ADDEED009E}.Debug|Any CPU.Build.0 = Debug|Any CPU
		{78C2AE48-2513-42CF-A4E2-12ADDEED009E}.Release|Any CPU.ActiveCfg = Release|Any CPU
		{78C2AE48-2513-42CF-A4E2-12ADDEED009E}.Release|Any CPU.Build.0 = Release|Any CPU
		{B6E56F78-B860-43BC-9C92-7BE6F3FCC3B3}.Debug|Any CPU.ActiveCfg = Debug|Any CPU
		{B6E56F78-B860-43BC-9C92-7BE6F3FCC3B3}.Debug|Any CPU.Build.0 = Debug|Any CPU
		{B6E56F78-B860-43BC-9C92-7BE6F3FCC3B3}.Release|Any CPU.ActiveCfg = Release|Any CPU
		{B6E56F78-B860-43BC-9C92-7BE6F3FCC3B3}.Release|Any CPU.Build.0 = Release|Any CPU
		{BF390F59-3649-410A-803C-553EEEA8B54C}.Debug|Any CPU.ActiveCfg = Debug|Any CPU
		{BF390F59-3649-410A-803C-553EEEA8B54C}.Debug|Any CPU.Build.0 = Debug|Any CPU
		{BF390F59-3649-410A-803C-553EEEA8B54C}.Release|Any CPU.ActiveCfg = Release|Any CPU
		{BF390F59-3649-410A-803C-553EEEA8B54C}.Release|Any CPU.Build.0 = Release|Any CPU
		{F6C61154-3089-459B-996C-60FA7A312547}.Debug|Any CPU.ActiveCfg = Debug|Any CPU
		{F6C61154-3089-459B-996C-60FA7A312547}.Debug|Any CPU.Build.0 = Debug|Any CPU
		{F6C61154-3089-459B-996C-60FA7A312547}.Release|Any CPU.ActiveCfg = Release|Any CPU
		{F6C61154-3089-459B-996C-60FA7A312547}.Release|Any CPU.Build.0 = Release|Any CPU
	EndGlobalSection
	GlobalSection(SolutionProperties) = preSolution
		HideSolutionNode = FALSE
	EndGlobalSection
	GlobalSection(ExtensibilityGlobals) = postSolution
		SolutionGuid = {6C59C04C-2BC2-4F87-B7E3-B038740FF3DF}
	EndGlobalSection
EndGlobal
